# THIS IS AN AUTOGENERATED FILE. DO NOT EDIT THIS FILE DIRECTLY.
# yarn lockfile v1


prettier-plugin-go-template@^0.0.10:
  version "0.0.10"
  resolved "https://registry.yarnpkg.com/prettier-plugin-go-template/-/prettier-plugin-go-template-0.0.10.tgz#0036c4455a24e89a896d6ce8df6c0099e2499048"
  integrity sha512-TaHPqiMK/zfk+YhvKRf/1WZDgQ6ffnlxJZX5rwphqfxBOVEezZQtYistTB348MKrKnnwKpyXZWpMRo0/KCVB+A==

prettier@^2.2.1:
  version "2.2.1"
  resolved "https://registry.yarnpkg.com/prettier/-/prettier-2.2.1.tgz#795a1a78dd52f073da0cd42b21f9c91381923ff5"
  integrity sha512-PqyhM2yCjg/oKkFPtTGUojv7gnZAoG80ttl45O6x2Ug/rMJw4wcc9k6aaf2hibP7BGVCCM33gZoGjyvt9mm16Q==
